# This file is automatically @generated by Cargo.
# It is not intended for manual editing.
version = 3

[[package]]
name = "glob"
version = "0.3.1"
source = "registry+https://github.com/rust-lang/crates.io-index"
checksum = "d2fabcfbdc87f4758337ca535fb41a6d701b65693ce38287d856d1674551ec9b"

[[package]]
name = "nixinfo"
version = "0.3.3"
source = "registry+https://github.com/rust-lang/crates.io-index"
checksum = "6afc20a5ed5f3e54f94486f9d53b2dff78f3072199fe5995336f8346d3ac7987"
dependencies = [
 "glob",
]

[[package]]
name = "tuxfetch"
version = "0.1.0"
dependencies = [
 "nixinfo",
]
